
Microsoft Visual Studio Solution File, Format Version 12.00
# Visual Studio Version 17
VisualStudioVersion = 17.4.33205.214
MinimumVisualStudioVersion = 10.0.40219.1
Project("{FAE04EC0-301F-11D3-BF4B-00C04F79EFBC}") = "homework22_02", "homework22_02\homework22_02.csproj", "{5F8B10AF-1430-4E87-A201-7A92C5F529B1}"
EndProject
Global
	GlobalSection(SolutionConfigurationPlatforms) = preSolution
		Debug|Any CPU = Debug|Any CPU
		Release|Any CPU = Release|Any CPU
	EndGlobalSection
	GlobalSection(ProjectConfigurationPlatforms) = postSolution
		{5F8B10AF-1430-4E87-A201-7A92C5F529B1}.Debug|Any CPU.ActiveCfg = Debug|Any CPU
		{5F8B10AF-1430-4E87-A201-7A92C5F529B1}.Debug|Any CPU.Build.0 = Debug|Any CPU
		{5F8B10AF-1430-4E87-A201-7A92C5F529B1}.Release|Any CPU.ActiveCfg = Release|Any CPU
		{5F8B10AF-1430-4E87-A201-7A92C5F529B1}.Release|Any CPU.Build.0 = Release|Any CPU
	EndGlobalSection
	GlobalSection(SolutionProperties) = preSolution
		HideSolutionNode = FALSE
	EndGlobalSection
	GlobalSection(ExtensibilityGlobals) = postSolution
		SolutionGuid = {65ADBCAE-54F3-4D92-8CF9-48B31931204D}
	EndGlobalSection
EndGlobal
